// !$*UTF8*$!
{
	archiveVersion = 1;
	classes = {
	};
	objectVersion = 50;
	objects = {

/* Begin PBXBuildFile section */
		3242628524F3E9C60037AD5C /* logo.jpg in Resources */ = {isa = PBXBuildFile; fileRef = 3242628424F3E9C60037AD5C /* logo.jpg */; };
		3291A57524ED681E008756DC /* AppDelegate.swift in Sources */ = {isa = PBXBuildFile; fileRef = 3291A57424ED681E008756DC /* AppDelegate.swift */; };
		3291A57E24ED6822008756DC /* Assets.xcassets in Resources */ = {isa = PBXBuildFile; fileRef = 3291A57D24ED6822008756DC /* Assets.xcassets */; };
		3291A58124ED6822008756DC /* LaunchScreen.storyboard in Resources */ = {isa = PBXBuildFile; fileRef = 3291A57F24ED6822008756DC /* LaunchScreen.storyboard */; };
		3291A58924EEAF85008756DC /* LoadingViewController.swift in Sources */ = {isa = PBXBuildFile; fileRef = 3291A58824EEAF85008756DC /* LoadingViewController.swift */; };
		3291A58D24EEBE73008756DC /* GameScoreViewController.swift in Sources */ = {isa = PBXBuildFile; fileRef = 3291A58C24EEBE73008756DC /* GameScoreViewController.swift */; };
		3291A58F24F322B7008756DC /* EqualScoreViewController.swift in Sources */ = {isa = PBXBuildFile; fileRef = 3291A58E24F322B7008756DC /* EqualScoreViewController.swift */; };
/* End PBXBuildFile section */

/* Begin PBXFileReference section */
		3242628424F3E9C60037AD5C /* logo.jpg */ = {isa = PBXFileReference; lastKnownFileType = image.jpeg; path = logo.jpg; sourceTree = "<group>"; };
		3291A57124ED681E008756DC /* voleyball_xvoin.app */ = {isa = PBXFileReference; explicitFileType = wrapper.application; includeInIndex = 0; path = voleyball_xvoin.app; sourceTree = BUILT_PRODUCTS_DIR; };
		3291A57424ED681E008756DC /* AppDelegate.swift */ = {isa = PBXFileReference; lastKnownFileType = sourcecode.swift; path = AppDelegate.swift; sourceTree = "<group>"; };
		3291A57D24ED6822008756DC /* Assets.xcassets */ = {isa = PBXFileReference; lastKnownFileType = folder.assetcatalog; path = Assets.xcassets; sourceTree = "<group>"; };
		3291A58024ED6822008756DC /* Base */ = {isa = PBXFileReference; lastKnownFileType = file.storyboard; name = Base; path = Base.lproj/LaunchScreen.storyboard; sourceTree = "<group>"; };
		3291A58224ED6823008756DC /* Info.plist */ = {isa = PBXFileReference; lastKnownFileType = text.plist.xml; path = Info.plist; sourceTree = "<group>"; };
		3291A58824EEAF85008756DC /* LoadingViewController.swift */ = {isa = PBXFileReference; lastKnownFileType = sourcecode.swift; path = LoadingViewController.swift; sourceTree = "<group>"; };
		3291A58C24EEBE73008756DC /* GameScoreViewController.swift */ = {isa = PBXFileReference; lastKnownFileType = sourcecode.swift; path = GameScoreViewController.swift; sourceTree = "<group>"; };
		3291A58E24F322B7008756DC /* EqualScoreViewController.swift */ = {isa = PBXFileReference; lastKnownFileType = sourcecode.swift; path = EqualScoreViewController.swift; sourceTree = "<group>"; };
/* End PBXFileReference section */

/* Begin PBXFrameworksBuildPhase section */
		3291A56E24ED681E008756DC /* Frameworks */ = {
			isa = PBXFrameworksBuildPhase;
			buildActionMask = 2147483647;
			files = (
			);
			runOnlyForDeploymentPostprocessing = 0;
		};
/* End PBXFrameworksBuildPhase section */

/* Begin PBXGroup section */
		3291A56824ED681E008756DC = {
			isa = PBXGroup;
			children = (
				3291A57324ED681E008756DC /* voleyball_xvoin */,
				3291A57224ED681E008756DC /* Products */,
			);
			sourceTree = "<group>";
		};
		3291A57224ED681E008756DC /* Products */ = {
			isa = PBXGroup;
			children = (
				3291A57124ED681E008756DC /* voleyball_xvoin.app */,
			);
			name = Products;
			sourceTree = "<group>";
		};
		3291A57324ED681E008756DC /* voleyball_xvoin */ = {
			isa = PBXGroup;
			children = (
				3242628424F3E9C60037AD5C /* logo.jpg */,
				3291A57424ED681E008756DC /* AppDelegate.swift */,
				3291A57D24ED6822008756DC /* Assets.xcassets */,
				3291A57F24ED6822008756DC /* LaunchScreen.storyboard */,
				3291A58224ED6823008756DC /* Info.plist */,
				3291A58824EEAF85008756DC /* LoadingViewController.swift */,
				3291A58C24EEBE73008756DC /* GameScoreViewController.swift */,
				3291A58E24F322B7008756DC /* EqualScoreViewController.swift */,
			);
			path = voleyball_xvoin;
			sourceTree = "<group>";
		};
/* End PBXGroup section */

/* Begin PBXNativeTarget section */
		3291A57024ED681E008756DC /* voleyball_xvoin */ = {
			isa = PBXNativeTarget;
			buildConfigurationList = 3291A58524ED6823008756DC /* Build configuration list for PBXNativeTarget "voleyball_xvoin" */;
			buildPhases = (
				3291A56D24ED681E008756DC /* Sources */,
				3291A56E24ED681E008756DC /* Frameworks */,
				3291A56F24ED681E008756DC /* Resources */,
			);
			buildRules = (
			);
			dependencies = (
			);
			name = voleyball_xvoin;
			productName = voleyball_xvoin;
			productReference = 3291A57124ED681E008756DC /* voleyball_xvoin.app */;
			productType = "com.apple.product-type.application";
		};
/* End PBXNativeTarget section */

/* Begin PBXProject section */
		3291A56924ED681E008756DC /* Project object */ = {
			isa = PBXProject;
			attributes = {
				LastSwiftUpdateCheck = 1160;
				LastUpgradeCheck = 1160;
				ORGANIZATIONNAME = "Artem Sharapov";
				TargetAttributes = {
					3291A57024ED681E008756DC = {
						CreatedOnToolsVersion = 11.6;
					};
				};
			};
			buildConfigurationList = 3291A56C24ED681E008756DC /* Build configuration list for PBXProject "voleyball_xvoin" */;
			compatibilityVersion = "Xcode 9.3";
			developmentRegion = en;
			hasScannedForEncodings = 0;
			knownRegions = (
				en,
				Base,
			);
			mainGroup = 3291A56824ED681E008756DC;
			productRefGroup = 3291A57224ED681E008756DC /* Products */;
			projectDirPath = "";
			projectRoot = "";
			targets = (
				3291A57024ED681E008756DC /* voleyball_xvoin */,
			);
		};
/* End PBXProject section */

/* Begin PBXResourcesBuildPhase section */
		3291A56F24ED681E008756DC /* Resources */ = {
			isa = PBXResourcesBuildPhase;
			buildActionMask = 2147483647;
			files = (
				3291A58124ED6822008756DC /* LaunchScreen.storyboard in Resources */,
				3242628524F3E9C60037AD5C /* logo.jpg in Resources */,
				3291A57E24ED6822008756DC /* Assets.xcassets in Resources */,
			);
			runOnlyForDeploymentPostprocessing = 0;
		};
/* End PBXResourcesBuildPhase section */

/* Begin PBXSourcesBuildPhase section */
		3291A56D24ED681E008756DC /* Sources */ = {
			isa = PBXSourcesBuildPhase;
			buildActionMask = 2147483647;
			files = (
				3291A58F24F322B7008756DC /* EqualScoreViewController.swift in Sources */,
				3291A57524ED681E008756DC /* AppDelegate.swift in Sources */,
				3291A58D24EEBE73008756DC /* GameScoreViewController.swift in Sources */,
				3291A58924EEAF85008756DC /* LoadingViewController.swift in Sources */,
			);
			runOnlyForDeploymentPostprocessing = 0;
		};
/* End PBXSourcesBuildPhase section */

/* Begin PBXVariantGroup section */
		3291A57F24ED6822008756DC /* LaunchScreen.storyboard */ = {
			isa = PBXVariantGroup;
			children = (
				3291A58024ED6822008756DC /* Base */,
			);
			name = LaunchScreen.storyboard;
			sourceTree = "<group>";
		};
/* End PBXVariantGroup section */

/* Begin XCBuildConfiguration section */
		3291A58324ED6823008756DC /* Debug */ = {
			isa = XCBuildConfiguration;
			buildSettings = {
				ALWAYS_SEARCH_USER_PATHS = NO;
				CLANG_ANALYZER_NONNULL = YES;
				CLANG_ANALYZER_NUMBER_OBJECT_CONVERSION = YES_AGGRESSIVE;
				CLANG_CXX_LANGUAGE_STANDARD = "gnu++14";
				CLANG_CXX_LIBRARY = "libc++";
				CLANG_ENABLE_MODULES = YES;
				CLANG_ENABLE_OBJC_ARC = YES;
				CLANG_ENABLE_OBJC_WEAK = YES;
				CLANG_WARN_BLOCK_CAPTURE_AUTORELEASING = YES;
				CLANG_WARN_BOOL_CONVERSION = YES;
				CLANG_WARN_COMMA = YES;
				CLANG_WARN_CONSTANT_CONVERSION = YES;
				CLANG_WARN_DEPRECATED_OBJC_IMPLEMENTATIONS = YES;
				CLANG_WARN_DIRECT_OBJC_ISA_USAGE = YES_ERROR;
				CLANG_WARN_DOCUMENTATION_COMMENTS = YES;
				CLANG_WARN_EMPTY_BODY = YES;
				CLANG_WARN_ENUM_CONVERSION = YES;
				CLANG_WARN_INFINITE_RECURSION = YES;
				CLANG_WARN_INT_CONVERSION = YES;
				CLANG_WARN_NON_LITERAL_NULL_CONVERSION = YES;
				CLANG_WARN_OBJC_IMPLICIT_RETAIN_SELF = YES;
				CLANG_WARN_OBJC_LITERAL_CONVERSION = YES;
				CLANG_WARN_OBJC_ROOT_CLASS = YES_ERROR;
				CLANG_WARN_RANGE_LOOP_ANALYSIS = YES;
				CLANG_WARN_STRICT_PROTOTYPES = YES;
				CLANG_WARN_SUSPICIOUS_MOVE = YES;
				CLANG_WARN_UNGUARDED_AVAILABILITY = YES_AGGRESSIVE;
				CLANG_WARN_UNREACHABLE_CODE = YES;
				CLANG_WARN__DUPLICATE_METHOD_MATCH = YES;
				COPY_PHASE_STRIP = NO;
				DEBUG_INFORMATION_FORMAT = dwarf;
				ENABLE_STRICT_OBJC_MSGSEND = YES;
				ENABLE_TESTABILITY = YES;
				GCC_C_LANGUAGE_STANDARD = gnu11;
				GCC_DYNAMIC_NO_PIC = NO;
				GCC_NO_COMMON_BLOCKS = YES;
				GCC_OPTIMIZATION_LEVEL = 0;
				GCC_PREPROCESSOR_DEFINITIONS = (
					"DEBUG=1",
					"$(inherited)",
				);
				GCC_WARN_64_TO_32_BIT_CONVERSION = YES;
				GCC_WARN_ABOUT_RETURN_TYPE = YES_ERROR;
				GCC_WARN_UNDECLARED_SELECTOR = YES;
				GCC_WARN_UNINITIALIZED_AUTOS = YES_AGGRESSIVE;
				GCC_WARN_UNUSED_FUNCTION = YES;
				GCC_WARN_UNUSED_VARIABLE = YES;
				IPHONEOS_DEPLOYMENT_TARGET = 13.6;
				MTL_ENABLE_DEBUG_INFO = INCLUDE_SOURCE;
				MTL_FAST_MATH = YES;
				ONLY_ACTIVE_ARCH = YES;
				SDKROOT = iphoneos;
				SWIFT_ACTIVE_COMPILATION_CONDITIONS = DEBUG;
				SWIFT_OPTIMIZATION_LEVEL = "-Onone";
			};
			name = Debug;
		};
		3291A58424ED6823008756DC /* Release */ = {
			isa = XCBuildConfiguration;
			buildSettings = {
				ALWAYS_SEARCH_USER_PATHS = NO;
				CLANG_ANALYZER_NONNULL = YES;
				CLANG_ANALYZER_NUMBER_OBJECT_CONVERSION = YES_AGGRESSIVE;
				CLANG_CXX_LANGUAGE_STANDARD = "gnu++14";
				CLANG_CXX_LIBRARY = "libc++";
				CLANG_ENABLE_MODULES = YES;
				CLANG_ENABLE_OBJC_ARC = YES;
				CLANG_ENABLE_OBJC_WEAK = YES;
				CLANG_WARN_BLOCK_CAPTURE_AUTORELEASING = YES;
				CLANG_WARN_BOOL_CONVERSION = YES;
				CLANG_WARN_COMMA = YES;
				CLANG_WARN_CONSTANT_CONVERSION = YES;
				CLANG_WARN_DEPRECATED_OBJC_IMPLEMENTATIONS = YES;
				CLANG_WARN_DIRECT_OBJC_ISA_USAGE = YES_ERROR;
				CLANG_WARN_DOCUMENTATION_COMMENTS = YES;
				CLANG_WARN_EMPTY_BODY = YES;
				CLANG_WARN_ENUM_CONVERSION = YES;
				CLANG_WARN_INFINITE_RECURSION = YES;
				CLANG_WARN_INT_CONVERSION = YES;
				CLANG_WARN_NON_LITERAL_NULL_CONVERSION = YES;
				CLANG_WARN_OBJC_IMPLICIT_RETAIN_SELF = YES;
				CLANG_WARN_OBJC_LITERAL_CONVERSION = YES;
				CLANG_WARN_OBJC_ROOT_CLASS = YES_ERROR;
				CLANG_WARN_RANGE_LOOP_ANALYSIS = YES;
				CLANG_WARN_STRICT_PROTOTYPES = YES;
				CLANG_WARN_SUSPICIOUS_MOVE = YES;
				CLANG_WARN_UNGUARDED_AVAILABILITY = YES_AGGRESSIVE;
				CLANG_WARN_UNREACHABLE_CODE = YES;
				CLANG_WARN__DUPLICATE_METHOD_MATCH = YES;
				COPY_PHASE_STRIP = NO;
				DEBUG_INFORMATION_FORMAT = "dwarf-with-dsym";
				ENABLE_NS_ASSERTIONS = NO;
				ENABLE_STRICT_OBJC_MSGSEND = YES;
				GCC_C_LANGUAGE_STANDARD = gnu11;
				GCC_NO_COMMON_BLOCKS = YES;
				GCC_WARN_64_TO_32_BIT_CONVERSION = YES;
				GCC_WARN_ABOUT_RETURN_TYPE = YES_ERROR;
				GCC_WARN_UNDECLARED_SELECTOR = YES;
				GCC_WARN_UNINITIALIZED_AUTOS = YES_AGGRESSIVE;
				GCC_WARN_UNUSED_FUNCTION = YES;
				GCC_WARN_UNUSED_VARIABLE = YES;
				IPHONEOS_DEPLOYMENT_TARGET = 13.6;
				MTL_ENABLE_DEBUG_INFO = NO;
				MTL_FAST_MATH = YES;
				SDKROOT = iphoneos;
				SWIFT_COMPILATION_MODE = wholemodule;
				SWIFT_OPTIMIZATION_LEVEL = "-O";
				VALIDATE_PRODUCT = YES;
			};
			name = Release;
		};
		3291A58624ED6823008756DC /* Debug */ = {
			isa = XCBuildConfiguration;
			buildSettings = {
				ASSETCATALOG_COMPILER_APPICON_NAME = AppIcon;
				CODE_SIGN_STYLE = Automatic;
				DEVELOPMENT_TEAM = FXRT99T9T4;
				INFOPLIST_FILE = voleyball_xvoin/Info.plist;
				LD_RUNPATH_SEARCH_PATHS = (
					"$(inherited)",
					"@executable_path/Frameworks",
				);
				PRODUCT_BUNDLE_IDENTIFIER = "AS.voleyball-xvoin";
				PRODUCT_NAME = "$(TARGET_NAME)";
				SWIFT_VERSION = 5.0;
				TARGETED_DEVICE_FAMILY = "1,2";
			};
			name = Debug;
		};
		3291A58724ED6823008756DC /* Release */ = {
			isa = XCBuildConfiguration;
			buildSettings = {
				ASSETCATALOG_COMPILER_APPICON_NAME = AppIcon;
				CODE_SIGN_STYLE = Automatic;
				DEVELOPMENT_TEAM = FXRT99T9T4;
				INFOPLIST_FILE = voleyball_xvoin/Info.plist;
				LD_RUNPATH_SEARCH_PATHS = (
					"$(inherited)",
					"@executable_path/Frameworks",
				);
				PRODUCT_BUNDLE_IDENTIFIER = "AS.voleyball-xvoin";
				PRODUCT_NAME = "$(TARGET_NAME)";
				SWIFT_VERSION = 5.0;
				TARGETED_DEVICE_FAMILY = "1,2";
			};
			name = Release;
		};
/* End XCBuildConfiguration section */

/* Begin XCConfigurationList section */
		3291A56C24ED681E008756DC /* Build configuration list for PBXProject "voleyball_xvoin" */ = {
			isa = XCConfigurationList;
			buildConfigurations = (
				3291A58324ED6823008756DC /* Debug */,
				3291A58424ED6823008756DC /* Release */,
			);
			defaultConfigurationIsVisible = 0;
			defaultConfigurationName = Release;
		};
		3291A58524ED6823008756DC /* Build configuration list for PBXNativeTarget "voleyball_xvoin" */ = {
			isa = XCConfigurationList;
			buildConfigurations = (
				3291A58624ED6823008756DC /* Debug */,
				3291A58724ED6823008756DC /* Release */,
			);
			defaultConfigurationIsVisible = 0;
			defaultConfigurationName = Release;
		};
/* End XCConfigurationList section */
	};
	rootObject = 3291A56924ED681E008756DC /* Project object */;
}
